PODS:
  - Alamofire (5.0.2)
  - NFSpotifyAuth (0.1.0):
    - Alamofire

DEPENDENCIES:
  - Alamofire
  - NFSpotifyAuth (from `../`)

SPEC REPOS:
  trunk:
    - Alamofire

EXTERNAL SOURCES:
  NFSpotifyAuth:
    :path: "../"

SPEC CHECKSUMS:
  Alamofire: 3ba7a4db18b4f62c4a1c0e1cb39d7f3d52e10ada
  NFSpotifyAuth: ead5258a615d87d7f387cbf01d52f36136069375

PODFILE CHECKSUM: 9cfc18ebeaff863136700188f08e79a5b3367aa7

COCOAPODS: 1.9.1
