PODS:
  - Alamofire (4.9.1)
  - NFSpotifyAuth (0.1.0):
    - Alamofire

DEPENDENCIES:
  - NFSpotifyAuth (from `../`)

SPEC REPOS:
  trunk:
    - Alamofire

EXTERNAL SOURCES:
  NFSpotifyAuth:
    :path: "../"

SPEC CHECKSUMS:
  Alamofire: 85e8a02c69d6020a0d734f6054870d7ecb75cf18
  NFSpotifyAuth: ead5258a615d87d7f387cbf01d52f36136069375

PODFILE CHECKSUM: 5953448f1cd03a39e07aafed0ba85b3fc547cde4

COCOAPODS: 1.9.1
